// !$*UTF8*$!
{
	archiveVersion = 1;
	classes = {
	};
	objectVersion = 52;
	objects = {

/* Begin PBXBuildFile section */
		AE0FDDBF250EF876002D5AEA /* FuzzyDiceViewController.swift in Sources */ = {isa = PBXBuildFile; fileRef = AE0FDDBE250EF876002D5AEA /* FuzzyDiceViewController.swift */; };
		AE0FDDC1250EF882002D5AEA /* SexySentenceViewController.swift in Sources */ = {isa = PBXBuildFile; fileRef = AE0FDDC0250EF882002D5AEA /* SexySentenceViewController.swift */; };
		AE0FDDC9250F13E4002D5AEA /* Sentence.swift in Sources */ = {isa = PBXBuildFile; fileRef = AE0FDDC8250F13E4002D5AEA /* Sentence.swift */; };
		AE0FDDCB250F13F0002D5AEA /* PartOfSpeech.swift in Sources */ = {isa = PBXBuildFile; fileRef = AE0FDDCA250F13F0002D5AEA /* PartOfSpeech.swift */; };
		AE1FA7BF2516ED47008CB9D9 /* Settings.storyboard in Resources */ = {isa = PBXBuildFile; fileRef = AE1FA7BE2516ED47008CB9D9 /* Settings.storyboard */; };
		AE1FA7C12516EEC3008CB9D9 /* SettingsTableViewController.swift in Sources */ = {isa = PBXBuildFile; fileRef = AE1FA7C02516EEC3008CB9D9 /* SettingsTableViewController.swift */; };
		AE1FA7C32516F074008CB9D9 /* PartsOfSpeechTableViewController.swift in Sources */ = {isa = PBXBuildFile; fileRef = AE1FA7C22516F074008CB9D9 /* PartsOfSpeechTableViewController.swift */; };
		AE1FA7C72516F6DD008CB9D9 /* UIColorExtensions.swift in Sources */ = {isa = PBXBuildFile; fileRef = AE1FA7C62516F6DD008CB9D9 /* UIColorExtensions.swift */; };
		AE1FA7CB2516F853008CB9D9 /* LoveUtility.swift in Sources */ = {isa = PBXBuildFile; fileRef = AE1FA7CA2516F853008CB9D9 /* LoveUtility.swift */; };
		AE1FA7CD2516F916008CB9D9 /* UITextViewExtensions.swift in Sources */ = {isa = PBXBuildFile; fileRef = AE1FA7CC2516F916008CB9D9 /* UITextViewExtensions.swift */; };
		AE2A70FA2517138800706E62 /* StringExtensions.swift in Sources */ = {isa = PBXBuildFile; fileRef = AE2A70F92517138800706E62 /* StringExtensions.swift */; };
		AE3A124C24F5E4E300D80E01 /* AppDelegate.swift in Sources */ = {isa = PBXBuildFile; fileRef = AE3A124B24F5E4E300D80E01 /* AppDelegate.swift */; };
		AE3A124E24F5E4E300D80E01 /* SceneDelegate.swift in Sources */ = {isa = PBXBuildFile; fileRef = AE3A124D24F5E4E300D80E01 /* SceneDelegate.swift */; };
		AE3A125024F5E4E300D80E01 /* LoveGameViewController.swift in Sources */ = {isa = PBXBuildFile; fileRef = AE3A124F24F5E4E300D80E01 /* LoveGameViewController.swift */; };
		AE3A125324F5E4E300D80E01 /* LoveGame.storyboard in Resources */ = {isa = PBXBuildFile; fileRef = AE3A125124F5E4E300D80E01 /* LoveGame.storyboard */; };
		AE3A125624F5E4E300D80E01 /* The_Love_Game.xcdatamodeld in Sources */ = {isa = PBXBuildFile; fileRef = AE3A125424F5E4E300D80E01 /* The_Love_Game.xcdatamodeld */; };
		AE3A125824F5E4E400D80E01 /* Assets.xcassets in Resources */ = {isa = PBXBuildFile; fileRef = AE3A125724F5E4E400D80E01 /* Assets.xcassets */; };
		AE3A125B24F5E4E400D80E01 /* LaunchScreen.storyboard in Resources */ = {isa = PBXBuildFile; fileRef = AE3A125924F5E4E400D80E01 /* LaunchScreen.storyboard */; };
		AE795787251849ED0082404A /* LoveSettingTableViewCell.swift in Sources */ = {isa = PBXBuildFile; fileRef = AE795785251849ED0082404A /* LoveSettingTableViewCell.swift */; };
		AE795788251849ED0082404A /* LoveSettingTableViewCell.xib in Resources */ = {isa = PBXBuildFile; fileRef = AE795786251849ED0082404A /* LoveSettingTableViewCell.xib */; };
		AEBE64F324F6B570007B9E98 /* SwiftyJSON in Frameworks */ = {isa = PBXBuildFile; productRef = AEBE64F224F6B570007B9E98 /* SwiftyJSON */; };
		AEBE64F624F6F052007B9E98 /* LoveController.swift in Sources */ = {isa = PBXBuildFile; fileRef = AEBE64F524F6F052007B9E98 /* LoveController.swift */; };
		AEBE64F824F6F072007B9E98 /* DBUtility.swift in Sources */ = {isa = PBXBuildFile; fileRef = AEBE64F724F6F072007B9E98 /* DBUtility.swift */; };
		AEBE64FC24F7F409007B9E98 /* Words.json in Resources */ = {isa = PBXBuildFile; fileRef = AEBE64FB24F7F409007B9E98 /* Words.json */; };
		AEBE650324F805F2007B9E98 /* LoveWordsTableViewController.swift in Sources */ = {isa = PBXBuildFile; fileRef = AEBE650224F805F2007B9E98 /* LoveWordsTableViewController.swift */; };
		AEBE650524F81B11007B9E98 /* SettingsNavigationController.swift in Sources */ = {isa = PBXBuildFile; fileRef = AEBE650424F81B11007B9E98 /* SettingsNavigationController.swift */; };
		AEBE650824F86C3A007B9E98 /* TextEntityTableViewCell.swift in Sources */ = {isa = PBXBuildFile; fileRef = AEBE650724F86C3A007B9E98 /* TextEntityTableViewCell.swift */; };
/* End PBXBuildFile section */

/* Begin PBXFileReference section */
		AE0FDDBE250EF876002D5AEA /* FuzzyDiceViewController.swift */ = {isa = PBXFileReference; lastKnownFileType = sourcecode.swift; path = FuzzyDiceViewController.swift; sourceTree = "<group>"; };
		AE0FDDC0250EF882002D5AEA /* SexySentenceViewController.swift */ = {isa = PBXFileReference; lastKnownFileType = sourcecode.swift; path = SexySentenceViewController.swift; sourceTree = "<group>"; };
		AE0FDDC8250F13E4002D5AEA /* Sentence.swift */ = {isa = PBXFileReference; lastKnownFileType = sourcecode.swift; path = Sentence.swift; sourceTree = "<group>"; };
		AE0FDDCA250F13F0002D5AEA /* PartOfSpeech.swift */ = {isa = PBXFileReference; lastKnownFileType = sourcecode.swift; path = PartOfSpeech.swift; sourceTree = "<group>"; };
		AE1FA7BE2516ED47008CB9D9 /* Settings.storyboard */ = {isa = PBXFileReference; lastKnownFileType = file.storyboard; path = Settings.storyboard; sourceTree = "<group>"; };
		AE1FA7C02516EEC3008CB9D9 /* SettingsTableViewController.swift */ = {isa = PBXFileReference; lastKnownFileType = sourcecode.swift; path = SettingsTableViewController.swift; sourceTree = "<group>"; };
		AE1FA7C22516F074008CB9D9 /* PartsOfSpeechTableViewController.swift */ = {isa = PBXFileReference; lastKnownFileType = sourcecode.swift; path = PartsOfSpeechTableViewController.swift; sourceTree = "<group>"; };
		AE1FA7C62516F6DD008CB9D9 /* UIColorExtensions.swift */ = {isa = PBXFileReference; lastKnownFileType = sourcecode.swift; path = UIColorExtensions.swift; sourceTree = "<group>"; };
		AE1FA7CA2516F853008CB9D9 /* LoveUtility.swift */ = {isa = PBXFileReference; lastKnownFileType = sourcecode.swift; path = LoveUtility.swift; sourceTree = "<group>"; };
		AE1FA7CC2516F916008CB9D9 /* UITextViewExtensions.swift */ = {isa = PBXFileReference; lastKnownFileType = sourcecode.swift; path = UITextViewExtensions.swift; sourceTree = "<group>"; };
		AE2A70F92517138800706E62 /* StringExtensions.swift */ = {isa = PBXFileReference; lastKnownFileType = sourcecode.swift; path = StringExtensions.swift; sourceTree = "<group>"; };
		AE3A124824F5E4E300D80E01 /* The Love Game.app */ = {isa = PBXFileReference; explicitFileType = wrapper.application; includeInIndex = 0; path = "The Love Game.app"; sourceTree = BUILT_PRODUCTS_DIR; };
		AE3A124B24F5E4E300D80E01 /* AppDelegate.swift */ = {isa = PBXFileReference; lastKnownFileType = sourcecode.swift; path = AppDelegate.swift; sourceTree = "<group>"; };
		AE3A124D24F5E4E300D80E01 /* SceneDelegate.swift */ = {isa = PBXFileReference; lastKnownFileType = sourcecode.swift; path = SceneDelegate.swift; sourceTree = "<group>"; };
		AE3A124F24F5E4E300D80E01 /* LoveGameViewController.swift */ = {isa = PBXFileReference; lastKnownFileType = sourcecode.swift; path = LoveGameViewController.swift; sourceTree = "<group>"; };
		AE3A125224F5E4E300D80E01 /* Base */ = {isa = PBXFileReference; lastKnownFileType = file.storyboard; name = Base; path = Base.lproj/LoveGame.storyboard; sourceTree = "<group>"; };
		AE3A125524F5E4E300D80E01 /* The_Love_Game.xcdatamodel */ = {isa = PBXFileReference; lastKnownFileType = wrapper.xcdatamodel; path = The_Love_Game.xcdatamodel; sourceTree = "<group>"; };
		AE3A125724F5E4E400D80E01 /* Assets.xcassets */ = {isa = PBXFileReference; lastKnownFileType = folder.assetcatalog; path = Assets.xcassets; sourceTree = "<group>"; };
		AE3A125A24F5E4E400D80E01 /* Base */ = {isa = PBXFileReference; lastKnownFileType = file.storyboard; name = Base; path = Base.lproj/LaunchScreen.storyboard; sourceTree = "<group>"; };
		AE3A125C24F5E4E400D80E01 /* Info.plist */ = {isa = PBXFileReference; lastKnownFileType = text.plist.xml; path = Info.plist; sourceTree = "<group>"; };
		AE795785251849ED0082404A /* LoveSettingTableViewCell.swift */ = {isa = PBXFileReference; lastKnownFileType = sourcecode.swift; path = LoveSettingTableViewCell.swift; sourceTree = "<group>"; };
		AE795786251849ED0082404A /* LoveSettingTableViewCell.xib */ = {isa = PBXFileReference; lastKnownFileType = file.xib; path = LoveSettingTableViewCell.xib; sourceTree = "<group>"; };
		AEBE64F524F6F052007B9E98 /* LoveController.swift */ = {isa = PBXFileReference; lastKnownFileType = sourcecode.swift; path = LoveController.swift; sourceTree = "<group>"; };
		AEBE64F724F6F072007B9E98 /* DBUtility.swift */ = {isa = PBXFileReference; lastKnownFileType = sourcecode.swift; path = DBUtility.swift; sourceTree = "<group>"; };
		AEBE64FB24F7F409007B9E98 /* Words.json */ = {isa = PBXFileReference; fileEncoding = 4; lastKnownFileType = text.json; path = Words.json; sourceTree = "<group>"; };
		AEBE64FD24F7F858007B9E98 /* The_Love_Game 2.xcdatamodel */ = {isa = PBXFileReference; lastKnownFileType = wrapper.xcdatamodel; path = "The_Love_Game 2.xcdatamodel"; sourceTree = "<group>"; };
		AEBE650224F805F2007B9E98 /* LoveWordsTableViewController.swift */ = {isa = PBXFileReference; lastKnownFileType = sourcecode.swift; path = LoveWordsTableViewController.swift; sourceTree = "<group>"; };
		AEBE650424F81B11007B9E98 /* SettingsNavigationController.swift */ = {isa = PBXFileReference; lastKnownFileType = sourcecode.swift; path = SettingsNavigationController.swift; sourceTree = "<group>"; };
		AEBE650724F86C3A007B9E98 /* TextEntityTableViewCell.swift */ = {isa = PBXFileReference; lastKnownFileType = sourcecode.swift; path = TextEntityTableViewCell.swift; sourceTree = "<group>"; };
/* End PBXFileReference section */

/* Begin PBXFrameworksBuildPhase section */
		AE3A124524F5E4E300D80E01 /* Frameworks */ = {
			isa = PBXFrameworksBuildPhase;
			buildActionMask = 2147483647;
			files = (
				AEBE64F324F6B570007B9E98 /* SwiftyJSON in Frameworks */,
			);
			runOnlyForDeploymentPostprocessing = 0;
		};
/* End PBXFrameworksBuildPhase section */

/* Begin PBXGroup section */
		AE0FDDC7250F13C6002D5AEA /* Models */ = {
			isa = PBXGroup;
			children = (
				AE0FDDC8250F13E4002D5AEA /* Sentence.swift */,
				AE0FDDCA250F13F0002D5AEA /* PartOfSpeech.swift */,
			);
			path = Models;
			sourceTree = "<group>";
		};
		AE1FA7C52516F6BD008CB9D9 /* Extensions */ = {
			isa = PBXGroup;
			children = (
				AE1FA7C62516F6DD008CB9D9 /* UIColorExtensions.swift */,
				AE1FA7CC2516F916008CB9D9 /* UITextViewExtensions.swift */,
				AE2A70F92517138800706E62 /* StringExtensions.swift */,
			);
			path = Extensions;
			sourceTree = "<group>";
		};
		AE1FA7C82516F765008CB9D9 /* LoveGame */ = {
			isa = PBXGroup;
			children = (
				AE3A125124F5E4E300D80E01 /* LoveGame.storyboard */,
				AE3A124F24F5E4E300D80E01 /* LoveGameViewController.swift */,
				AE0FDDBE250EF876002D5AEA /* FuzzyDiceViewController.swift */,
				AE0FDDC0250EF882002D5AEA /* SexySentenceViewController.swift */,
			);
			path = LoveGame;
			sourceTree = "<group>";
		};
		AE1FA7C92516F76D008CB9D9 /* Settings */ = {
			isa = PBXGroup;
			children = (
				AE1FA7BE2516ED47008CB9D9 /* Settings.storyboard */,
				AEBE650424F81B11007B9E98 /* SettingsNavigationController.swift */,
				AE1FA7C02516EEC3008CB9D9 /* SettingsTableViewController.swift */,
				AE1FA7C22516F074008CB9D9 /* PartsOfSpeechTableViewController.swift */,
				AEBE650224F805F2007B9E98 /* LoveWordsTableViewController.swift */,
				AE795785251849ED0082404A /* LoveSettingTableViewCell.swift */,
				AE795786251849ED0082404A /* LoveSettingTableViewCell.xib */,
			);
			path = Settings;
			sourceTree = "<group>";
		};
		AE3A123F24F5E4E300D80E01 = {
			isa = PBXGroup;
			children = (
				AE3A124A24F5E4E300D80E01 /* The Love Game */,
				AE3A124924F5E4E300D80E01 /* Products */,
			);
			sourceTree = "<group>";
		};
		AE3A124924F5E4E300D80E01 /* Products */ = {
			isa = PBXGroup;
			children = (
				AE3A124824F5E4E300D80E01 /* The Love Game.app */,
			);
			name = Products;
			sourceTree = "<group>";
		};
		AE3A124A24F5E4E300D80E01 /* The Love Game */ = {
			isa = PBXGroup;
			children = (
				AE3A124B24F5E4E300D80E01 /* AppDelegate.swift */,
				AE3A124D24F5E4E300D80E01 /* SceneDelegate.swift */,
				AE3A126624F5F37E00D80E01 /* Words */,
				AE0FDDC7250F13C6002D5AEA /* Models */,
				AE3A126324F5F23700D80E01 /* Utility */,
				AEBE64F424F6F01F007B9E98 /* Controllers */,
				AE3A126224F5F21600D80E01 /* Views */,
				AE1FA7C52516F6BD008CB9D9 /* Extensions */,
				AE3A125C24F5E4E400D80E01 /* Info.plist */,
				AE3A125724F5E4E400D80E01 /* Assets.xcassets */,
				AE3A125424F5E4E300D80E01 /* The_Love_Game.xcdatamodeld */,
				AEBE650724F86C3A007B9E98 /* TextEntityTableViewCell.swift */,
			);
			path = "The Love Game";
			sourceTree = "<group>";
		};
		AE3A126224F5F21600D80E01 /* Views */ = {
			isa = PBXGroup;
			children = (
				AE3A125924F5E4E400D80E01 /* LaunchScreen.storyboard */,
				AE1FA7C92516F76D008CB9D9 /* Settings */,
				AE1FA7C82516F765008CB9D9 /* LoveGame */,
			);
			path = Views;
			sourceTree = "<group>";
		};
		AE3A126324F5F23700D80E01 /* Utility */ = {
			isa = PBXGroup;
			children = (
				AEBE64F724F6F072007B9E98 /* DBUtility.swift */,
				AE1FA7CA2516F853008CB9D9 /* LoveUtility.swift */,
			);
			path = Utility;
			sourceTree = "<group>";
		};
		AE3A126624F5F37E00D80E01 /* Words */ = {
			isa = PBXGroup;
			children = (
				AEBE64FB24F7F409007B9E98 /* Words.json */,
			);
			path = Words;
			sourceTree = "<group>";
		};
		AEBE64F424F6F01F007B9E98 /* Controllers */ = {
			isa = PBXGroup;
			children = (
				AEBE64F524F6F052007B9E98 /* LoveController.swift */,
			);
			path = Controllers;
			sourceTree = "<group>";
		};
/* End PBXGroup section */

/* Begin PBXNativeTarget section */
		AE3A124724F5E4E300D80E01 /* The Love Game */ = {
			isa = PBXNativeTarget;
			buildConfigurationList = AE3A125F24F5E4E400D80E01 /* Build configuration list for PBXNativeTarget "The Love Game" */;
			buildPhases = (
				AE3A124424F5E4E300D80E01 /* Sources */,
				AE3A124524F5E4E300D80E01 /* Frameworks */,
				AE3A124624F5E4E300D80E01 /* Resources */,
			);
			buildRules = (
			);
			dependencies = (
			);
			name = "The Love Game";
			packageProductDependencies = (
				AEBE64F224F6B570007B9E98 /* SwiftyJSON */,
			);
			productName = "The Love Game";
			productReference = AE3A124824F5E4E300D80E01 /* The Love Game.app */;
			productType = "com.apple.product-type.application";
		};
/* End PBXNativeTarget section */

/* Begin PBXProject section */
		AE3A124024F5E4E300D80E01 /* Project object */ = {
			isa = PBXProject;
			attributes = {
				LastSwiftUpdateCheck = 1160;
				LastUpgradeCheck = 1160;
				ORGANIZATIONNAME = "Kevin Lusignolo";
				TargetAttributes = {
					AE3A124724F5E4E300D80E01 = {
						CreatedOnToolsVersion = 11.6;
					};
				};
			};
			buildConfigurationList = AE3A124324F5E4E300D80E01 /* Build configuration list for PBXProject "The Love Game" */;
			compatibilityVersion = "Xcode 9.3";
			developmentRegion = en;
			hasScannedForEncodings = 0;
			knownRegions = (
				en,
				Base,
			);
			mainGroup = AE3A123F24F5E4E300D80E01;
			packageReferences = (
				AEBE64F124F6B570007B9E98 /* XCRemoteSwiftPackageReference "SwiftyJSON" */,
			);
			productRefGroup = AE3A124924F5E4E300D80E01 /* Products */;
			projectDirPath = "";
			projectRoot = "";
			targets = (
				AE3A124724F5E4E300D80E01 /* The Love Game */,
			);
		};
/* End PBXProject section */

/* Begin PBXResourcesBuildPhase section */
		AE3A124624F5E4E300D80E01 /* Resources */ = {
			isa = PBXResourcesBuildPhase;
			buildActionMask = 2147483647;
			files = (
				AE3A125B24F5E4E400D80E01 /* LaunchScreen.storyboard in Resources */,
				AEBE64FC24F7F409007B9E98 /* Words.json in Resources */,
				AE795788251849ED0082404A /* LoveSettingTableViewCell.xib in Resources */,
				AE3A125824F5E4E400D80E01 /* Assets.xcassets in Resources */,
				AE3A125324F5E4E300D80E01 /* LoveGame.storyboard in Resources */,
				AE1FA7BF2516ED47008CB9D9 /* Settings.storyboard in Resources */,
			);
			runOnlyForDeploymentPostprocessing = 0;
		};
/* End PBXResourcesBuildPhase section */

/* Begin PBXSourcesBuildPhase section */
		AE3A124424F5E4E300D80E01 /* Sources */ = {
			isa = PBXSourcesBuildPhase;
			buildActionMask = 2147483647;
			files = (
				AE3A125024F5E4E300D80E01 /* LoveGameViewController.swift in Sources */,
				AEBE650824F86C3A007B9E98 /* TextEntityTableViewCell.swift in Sources */,
				AEBE64F624F6F052007B9E98 /* LoveController.swift in Sources */,
				AE0FDDCB250F13F0002D5AEA /* PartOfSpeech.swift in Sources */,
				AE0FDDC1250EF882002D5AEA /* SexySentenceViewController.swift in Sources */,
				AE3A125624F5E4E300D80E01 /* The_Love_Game.xcdatamodeld in Sources */,
				AE1FA7CB2516F853008CB9D9 /* LoveUtility.swift in Sources */,
				AE1FA7C32516F074008CB9D9 /* PartsOfSpeechTableViewController.swift in Sources */,
				AE3A124C24F5E4E300D80E01 /* AppDelegate.swift in Sources */,
				AE1FA7C72516F6DD008CB9D9 /* UIColorExtensions.swift in Sources */,
				AEBE650524F81B11007B9E98 /* SettingsNavigationController.swift in Sources */,
				AEBE650324F805F2007B9E98 /* LoveWordsTableViewController.swift in Sources */,
				AE795787251849ED0082404A /* LoveSettingTableViewCell.swift in Sources */,
				AEBE64F824F6F072007B9E98 /* DBUtility.swift in Sources */,
				AE1FA7C12516EEC3008CB9D9 /* SettingsTableViewController.swift in Sources */,
				AE3A124E24F5E4E300D80E01 /* SceneDelegate.swift in Sources */,
				AE1FA7CD2516F916008CB9D9 /* UITextViewExtensions.swift in Sources */,
				AE0FDDC9250F13E4002D5AEA /* Sentence.swift in Sources */,
				AE0FDDBF250EF876002D5AEA /* FuzzyDiceViewController.swift in Sources */,
				AE2A70FA2517138800706E62 /* StringExtensions.swift in Sources */,
			);
			runOnlyForDeploymentPostprocessing = 0;
		};
/* End PBXSourcesBuildPhase section */

/* Begin PBXVariantGroup section */
		AE3A125124F5E4E300D80E01 /* LoveGame.storyboard */ = {
			isa = PBXVariantGroup;
			children = (
				AE3A125224F5E4E300D80E01 /* Base */,
			);
			name = LoveGame.storyboard;
			sourceTree = "<group>";
		};
		AE3A125924F5E4E400D80E01 /* LaunchScreen.storyboard */ = {
			isa = PBXVariantGroup;
			children = (
				AE3A125A24F5E4E400D80E01 /* Base */,
			);
			name = LaunchScreen.storyboard;
			sourceTree = "<group>";
		};
/* End PBXVariantGroup section */

/* Begin XCBuildConfiguration section */
		AE3A125D24F5E4E400D80E01 /* Debug */ = {
			isa = XCBuildConfiguration;
			buildSettings = {
				ALWAYS_SEARCH_USER_PATHS = NO;
				CLANG_ANALYZER_NONNULL = YES;
				CLANG_ANALYZER_NUMBER_OBJECT_CONVERSION = YES_AGGRESSIVE;
				CLANG_CXX_LANGUAGE_STANDARD = "gnu++14";
				CLANG_CXX_LIBRARY = "libc++";
				CLANG_ENABLE_MODULES = YES;
				CLANG_ENABLE_OBJC_ARC = YES;
				CLANG_ENABLE_OBJC_WEAK = YES;
				CLANG_WARN_BLOCK_CAPTURE_AUTORELEASING = YES;
				CLANG_WARN_BOOL_CONVERSION = YES;
				CLANG_WARN_COMMA = YES;
				CLANG_WARN_CONSTANT_CONVERSION = YES;
				CLANG_WARN_DEPRECATED_OBJC_IMPLEMENTATIONS = YES;
				CLANG_WARN_DIRECT_OBJC_ISA_USAGE = YES_ERROR;
				CLANG_WARN_DOCUMENTATION_COMMENTS = YES;
				CLANG_WARN_EMPTY_BODY = YES;
				CLANG_WARN_ENUM_CONVERSION = YES;
				CLANG_WARN_INFINITE_RECURSION = YES;
				CLANG_WARN_INT_CONVERSION = YES;
				CLANG_WARN_NON_LITERAL_NULL_CONVERSION = YES;
				CLANG_WARN_OBJC_IMPLICIT_RETAIN_SELF = YES;
				CLANG_WARN_OBJC_LITERAL_CONVERSION = YES;
				CLANG_WARN_OBJC_ROOT_CLASS = YES_ERROR;
				CLANG_WARN_RANGE_LOOP_ANALYSIS = YES;
				CLANG_WARN_STRICT_PROTOTYPES = YES;
				CLANG_WARN_SUSPICIOUS_MOVE = YES;
				CLANG_WARN_UNGUARDED_AVAILABILITY = YES_AGGRESSIVE;
				CLANG_WARN_UNREACHABLE_CODE = YES;
				CLANG_WARN__DUPLICATE_METHOD_MATCH = YES;
				COPY_PHASE_STRIP = NO;
				DEBUG_INFORMATION_FORMAT = dwarf;
				ENABLE_STRICT_OBJC_MSGSEND = YES;
				ENABLE_TESTABILITY = YES;
				GCC_C_LANGUAGE_STANDARD = gnu11;
				GCC_DYNAMIC_NO_PIC = NO;
				GCC_NO_COMMON_BLOCKS = YES;
				GCC_OPTIMIZATION_LEVEL = 0;
				GCC_PREPROCESSOR_DEFINITIONS = (
					"DEBUG=1",
					"$(inherited)",
				);
				GCC_WARN_64_TO_32_BIT_CONVERSION = YES;
				GCC_WARN_ABOUT_RETURN_TYPE = YES_ERROR;
				GCC_WARN_UNDECLARED_SELECTOR = YES;
				GCC_WARN_UNINITIALIZED_AUTOS = YES_AGGRESSIVE;
				GCC_WARN_UNUSED_FUNCTION = YES;
				GCC_WARN_UNUSED_VARIABLE = YES;
				IPHONEOS_DEPLOYMENT_TARGET = 13.6;
				MTL_ENABLE_DEBUG_INFO = INCLUDE_SOURCE;
				MTL_FAST_MATH = YES;
				ONLY_ACTIVE_ARCH = YES;
				SDKROOT = iphoneos;
				SWIFT_ACTIVE_COMPILATION_CONDITIONS = DEBUG;
				SWIFT_OPTIMIZATION_LEVEL = "-Onone";
			};
			name = Debug;
		};
		AE3A125E24F5E4E400D80E01 /* Release */ = {
			isa = XCBuildConfiguration;
			buildSettings = {
				ALWAYS_SEARCH_USER_PATHS = NO;
				CLANG_ANALYZER_NONNULL = YES;
				CLANG_ANALYZER_NUMBER_OBJECT_CONVERSION = YES_AGGRESSIVE;
				CLANG_CXX_LANGUAGE_STANDARD = "gnu++14";
				CLANG_CXX_LIBRARY = "libc++";
				CLANG_ENABLE_MODULES = YES;
				CLANG_ENABLE_OBJC_ARC = YES;
				CLANG_ENABLE_OBJC_WEAK = YES;
				CLANG_WARN_BLOCK_CAPTURE_AUTORELEASING = YES;
				CLANG_WARN_BOOL_CONVERSION = YES;
				CLANG_WARN_COMMA = YES;
				CLANG_WARN_CONSTANT_CONVERSION = YES;
				CLANG_WARN_DEPRECATED_OBJC_IMPLEMENTATIONS = YES;
				CLANG_WARN_DIRECT_OBJC_ISA_USAGE = YES_ERROR;
				CLANG_WARN_DOCUMENTATION_COMMENTS = YES;
				CLANG_WARN_EMPTY_BODY = YES;
				CLANG_WARN_ENUM_CONVERSION = YES;
				CLANG_WARN_INFINITE_RECURSION = YES;
				CLANG_WARN_INT_CONVERSION = YES;
				CLANG_WARN_NON_LITERAL_NULL_CONVERSION = YES;
				CLANG_WARN_OBJC_IMPLICIT_RETAIN_SELF = YES;
				CLANG_WARN_OBJC_LITERAL_CONVERSION = YES;
				CLANG_WARN_OBJC_ROOT_CLASS = YES_ERROR;
				CLANG_WARN_RANGE_LOOP_ANALYSIS = YES;
				CLANG_WARN_STRICT_PROTOTYPES = YES;
				CLANG_WARN_SUSPICIOUS_MOVE = YES;
				CLANG_WARN_UNGUARDED_AVAILABILITY = YES_AGGRESSIVE;
				CLANG_WARN_UNREACHABLE_CODE = YES;
				CLANG_WARN__DUPLICATE_METHOD_MATCH = YES;
				COPY_PHASE_STRIP = NO;
				DEBUG_INFORMATION_FORMAT = "dwarf-with-dsym";
				ENABLE_NS_ASSERTIONS = NO;
				ENABLE_STRICT_OBJC_MSGSEND = YES;
				GCC_C_LANGUAGE_STANDARD = gnu11;
				GCC_NO_COMMON_BLOCKS = YES;
				GCC_WARN_64_TO_32_BIT_CONVERSION = YES;
				GCC_WARN_ABOUT_RETURN_TYPE = YES_ERROR;
				GCC_WARN_UNDECLARED_SELECTOR = YES;
				GCC_WARN_UNINITIALIZED_AUTOS = YES_AGGRESSIVE;
				GCC_WARN_UNUSED_FUNCTION = YES;
				GCC_WARN_UNUSED_VARIABLE = YES;
				IPHONEOS_DEPLOYMENT_TARGET = 13.6;
				MTL_ENABLE_DEBUG_INFO = NO;
				MTL_FAST_MATH = YES;
				SDKROOT = iphoneos;
				SWIFT_COMPILATION_MODE = wholemodule;
				SWIFT_OPTIMIZATION_LEVEL = "-O";
				VALIDATE_PRODUCT = YES;
			};
			name = Release;
		};
		AE3A126024F5E4E400D80E01 /* Debug */ = {
			isa = XCBuildConfiguration;
			buildSettings = {
				ASSETCATALOG_COMPILER_APPICON_NAME = AppIcon;
				CODE_SIGN_STYLE = Automatic;
				DEVELOPMENT_TEAM = NN8AM8B87F;
				INFOPLIST_FILE = "The Love Game/Info.plist";
				LD_RUNPATH_SEARCH_PATHS = (
					"$(inherited)",
					"@executable_path/Frameworks",
				);
				PRODUCT_BUNDLE_IDENTIFIER = "com.klusignolo.The-Love-Game";
				PRODUCT_NAME = "$(TARGET_NAME)";
				SWIFT_VERSION = 5.0;
				TARGETED_DEVICE_FAMILY = "1,2";
			};
			name = Debug;
		};
		AE3A126124F5E4E400D80E01 /* Release */ = {
			isa = XCBuildConfiguration;
			buildSettings = {
				ASSETCATALOG_COMPILER_APPICON_NAME = AppIcon;
				CODE_SIGN_STYLE = Automatic;
				DEVELOPMENT_TEAM = NN8AM8B87F;
				INFOPLIST_FILE = "The Love Game/Info.plist";
				LD_RUNPATH_SEARCH_PATHS = (
					"$(inherited)",
					"@executable_path/Frameworks",
				);
				PRODUCT_BUNDLE_IDENTIFIER = "com.klusignolo.The-Love-Game";
				PRODUCT_NAME = "$(TARGET_NAME)";
				SWIFT_VERSION = 5.0;
				TARGETED_DEVICE_FAMILY = "1,2";
			};
			name = Release;
		};
/* End XCBuildConfiguration section */

/* Begin XCConfigurationList section */
		AE3A124324F5E4E300D80E01 /* Build configuration list for PBXProject "The Love Game" */ = {
			isa = XCConfigurationList;
			buildConfigurations = (
				AE3A125D24F5E4E400D80E01 /* Debug */,
				AE3A125E24F5E4E400D80E01 /* Release */,
			);
			defaultConfigurationIsVisible = 0;
			defaultConfigurationName = Release;
		};
		AE3A125F24F5E4E400D80E01 /* Build configuration list for PBXNativeTarget "The Love Game" */ = {
			isa = XCConfigurationList;
			buildConfigurations = (
				AE3A126024F5E4E400D80E01 /* Debug */,
				AE3A126124F5E4E400D80E01 /* Release */,
			);
			defaultConfigurationIsVisible = 0;
			defaultConfigurationName = Release;
		};
/* End XCConfigurationList section */

/* Begin XCRemoteSwiftPackageReference section */
		AEBE64F124F6B570007B9E98 /* XCRemoteSwiftPackageReference "SwiftyJSON" */ = {
			isa = XCRemoteSwiftPackageReference;
			repositoryURL = "https://github.com/SwiftyJSON/SwiftyJSON";
			requirement = {
				kind = upToNextMajorVersion;
				minimumVersion = 5.0.0;
			};
		};
/* End XCRemoteSwiftPackageReference section */

/* Begin XCSwiftPackageProductDependency section */
		AEBE64F224F6B570007B9E98 /* SwiftyJSON */ = {
			isa = XCSwiftPackageProductDependency;
			package = AEBE64F124F6B570007B9E98 /* XCRemoteSwiftPackageReference "SwiftyJSON" */;
			productName = SwiftyJSON;
		};
/* End XCSwiftPackageProductDependency section */

/* Begin XCVersionGroup section */
		AE3A125424F5E4E300D80E01 /* The_Love_Game.xcdatamodeld */ = {
			isa = XCVersionGroup;
			children = (
				AEBE64FD24F7F858007B9E98 /* The_Love_Game 2.xcdatamodel */,
				AE3A125524F5E4E300D80E01 /* The_Love_Game.xcdatamodel */,
			);
			currentVersion = AE3A125524F5E4E300D80E01 /* The_Love_Game.xcdatamodel */;
			path = The_Love_Game.xcdatamodeld;
			sourceTree = "<group>";
			versionGroupType = wrapper.xcdatamodel;
		};
/* End XCVersionGroup section */
	};
	rootObject = AE3A124024F5E4E300D80E01 /* Project object */;
}
